
Microsoft Visual Studio Solution File, Format Version 12.00
# Visual Studio Version 17
VisualStudioVersion = 17.0.31903.59
MinimumVisualStudioVersion = 10.0.40219.1
Project("{FAE04EC0-301F-11D3-BF4B-00C04F79EFBC}") = "Calendar.Core", "Calendar.Core\Calendar.Core.csproj", "{F22740D4-11D8-4CF4-A947-0221CF98DDE5}"
EndProject
Project("{FAE04EC0-301F-11D3-BF4B-00C04F79EFBC}") = "Calendar.Infrastructure", "Calendar.Infrastructure\Calendar.Infrastructure.csproj", "{19E62C98-7024-46CF-8163-9AD27AF2A9AF}"
EndProject
Project("{FAE04EC0-301F-11D3-BF4B-00C04F79EFBC}") = "Calendar.API", "Calendar.API\Calendar.API.csproj", "{42DF4322-7DF1-44F1-8851-48A13F7BFAB0}"
EndProject
Project("{FAE04EC0-301F-11D3-BF4B-00C04F79EFBC}") = "Calendar.Tests", "Calendar.Tests\Calendar.Tests.csproj", "{404AF882-6EB0-4850-821F-3060BE123392}"
EndProject
Global
	GlobalSection(SolutionConfigurationPlatforms) = preSolution
		Debug|Any CPU = Debug|Any CPU
		Debug|x64 = Debug|x64
		Debug|x86 = Debug|x86
		Release|Any CPU = Release|Any CPU
		Release|x64 = Release|x64
		Release|x86 = Release|x86
	EndGlobalSection
	GlobalSection(ProjectConfigurationPlatforms) = postSolution
		{F22740D4-11D8-4CF4-A947-0221CF98DDE5}.Debug|Any CPU.ActiveCfg = Debug|Any CPU
		{F22740D4-11D8-4CF4-A947-0221CF98DDE5}.Debug|Any CPU.Build.0 = Debug|Any CPU
		{F22740D4-11D8-4CF4-A947-0221CF98DDE5}.Debug|x64.ActiveCfg = Debug|Any CPU
		{F22740D4-11D8-4CF4-A947-0221CF98DDE5}.Debug|x64.Build.0 = Debug|Any CPU
		{F22740D4-11D8-4CF4-A947-0221CF98DDE5}.Debug|x86.ActiveCfg = Debug|Any CPU
		{F22740D4-11D8-4CF4-A947-0221CF98DDE5}.Debug|x86.Build.0 = Debug|Any CPU
		{F22740D4-11D8-4CF4-A947-0221CF98DDE5}.Release|Any CPU.ActiveCfg = Release|Any CPU
		{F22740D4-11D8-4CF4-A947-0221CF98DDE5}.Release|Any CPU.Build.0 = Release|Any CPU
		{F22740D4-11D8-4CF4-A947-0221CF98DDE5}.Release|x64.ActiveCfg = Release|Any CPU
		{F22740D4-11D8-4CF4-A947-0221CF98DDE5}.Release|x64.Build.0 = Release|Any CPU
		{F22740D4-11D8-4CF4-A947-0221CF98DDE5}.Release|x86.ActiveCfg = Release|Any CPU
		{F22740D4-11D8-4CF4-A947-0221CF98DDE5}.Release|x86.Build.0 = Release|Any CPU
		{19E62C98-7024-46CF-8163-9AD27AF2A9AF}.Debug|Any CPU.ActiveCfg = Debug|Any CPU
		{19E62C98-7024-46CF-8163-9AD27AF2A9AF}.Debug|Any CPU.Build.0 = Debug|Any CPU
		{19E62C98-7024-46CF-8163-9AD27AF2A9AF}.Debug|x64.ActiveCfg = Debug|Any CPU
		{19E62C98-7024-46CF-8163-9AD27AF2A9AF}.Debug|x64.Build.0 = Debug|Any CPU
		{19E62C98-7024-46CF-8163-9AD27AF2A9AF}.Debug|x86.ActiveCfg = Debug|Any CPU
		{19E62C98-7024-46CF-8163-9AD27AF2A9AF}.Debug|x86.Build.0 = Debug|Any CPU
		{19E62C98-7024-46CF-8163-9AD27AF2A9AF}.Release|Any CPU.ActiveCfg = Release|Any CPU
		{19E62C98-7024-46CF-8163-9AD27AF2A9AF}.Release|Any CPU.Build.0 = Release|Any CPU
		{19E62C98-7024-46CF-8163-9AD27AF2A9AF}.Release|x64.ActiveCfg = Release|Any CPU
		{19E62C98-7024-46CF-8163-9AD27AF2A9AF}.Release|x64.Build.0 = Release|Any CPU
		{19E62C98-7024-46CF-8163-9AD27AF2A9AF}.Release|x86.ActiveCfg = Release|Any CPU
		{19E62C98-7024-46CF-8163-9AD27AF2A9AF}.Release|x86.Build.0 = Release|Any CPU
		{42DF4322-7DF1-44F1-8851-48A13F7BFAB0}.Debug|Any CPU.ActiveCfg = Debug|Any CPU
		{42DF4322-7DF1-44F1-8851-48A13F7BFAB0}.Debug|Any CPU.Build.0 = Debug|Any CPU
		{42DF4322-7DF1-44F1-8851-48A13F7BFAB0}.Debug|x64.ActiveCfg = Debug|Any CPU
		{42DF4322-7DF1-44F1-8851-48A13F7BFAB0}.Debug|x64.Build.0 = Debug|Any CPU
		{42DF4322-7DF1-44F1-8851-48A13F7BFAB0}.Debug|x86.ActiveCfg = Debug|Any CPU
		{42DF4322-7DF1-44F1-8851-48A13F7BFAB0}.Debug|x86.Build.0 = Debug|Any CPU
		{42DF4322-7DF1-44F1-8851-48A13F7BFAB0}.Release|Any CPU.ActiveCfg = Release|Any CPU
		{42DF4322-7DF1-44F1-8851-48A13F7BFAB0}.Release|Any CPU.Build.0 = Release|Any CPU
		{42DF4322-7DF1-44F1-8851-48A13F7BFAB0}.Release|x64.ActiveCfg = Release|Any CPU
		{42DF4322-7DF1-44F1-8851-48A13F7BFAB0}.Release|x64.Build.0 = Release|Any CPU
		{42DF4322-7DF1-44F1-8851-48A13F7BFAB0}.Release|x86.ActiveCfg = Release|Any CPU
		{42DF4322-7DF1-44F1-8851-48A13F7BFAB0}.Release|x86.Build.0 = Release|Any CPU
		{404AF882-6EB0-4850-821F-3060BE123392}.Debug|Any CPU.ActiveCfg = Debug|Any CPU
		{404AF882-6EB0-4850-821F-3060BE123392}.Debug|Any CPU.Build.0 = Debug|Any CPU
		{404AF882-6EB0-4850-821F-3060BE123392}.Debug|x64.ActiveCfg = Debug|Any CPU
		{404AF882-6EB0-4850-821F-3060BE123392}.Debug|x64.Build.0 = Debug|Any CPU
		{404AF882-6EB0-4850-821F-3060BE123392}.Debug|x86.ActiveCfg = Debug|Any CPU
		{404AF882-6EB0-4850-821F-3060BE123392}.Debug|x86.Build.0 = Debug|Any CPU
		{404AF882-6EB0-4850-821F-3060BE123392}.Release|Any CPU.ActiveCfg = Release|Any CPU
		{404AF882-6EB0-4850-821F-3060BE123392}.Release|Any CPU.Build.0 = Release|Any CPU
		{404AF882-6EB0-4850-821F-3060BE123392}.Release|x64.ActiveCfg = Release|Any CPU
		{404AF882-6EB0-4850-821F-3060BE123392}.Release|x64.Build.0 = Release|Any CPU
		{404AF882-6EB0-4850-821F-3060BE123392}.Release|x86.ActiveCfg = Release|Any CPU
		{404AF882-6EB0-4850-821F-3060BE123392}.Release|x86.Build.0 = Release|Any CPU
	EndGlobalSection
	GlobalSection(SolutionProperties) = preSolution
		HideSolutionNode = FALSE
	EndGlobalSection
EndGlobal
